
Microsoft Visual Studio Solution File, Format Version 12.00
# Visual Studio Version 17
VisualStudioVersion = 17.0.32112.339
MinimumVisualStudioVersion = 10.0.40219.1
Project("{9A19103F-16F7-4668-BE54-9A1E7A4F7556}") = "Server", "Server\Server.csproj", "{E475EC8D-32AE-423E-B90C-E67A95080C2F}"
EndProject
Project("{9A19103F-16F7-4668-BE54-9A1E7A4F7556}") = "TgBot", "TgBot\TgBot.csproj", "{960768C6-D77D-4194-B60A-EE7FFD2F555B}"
EndProject
Global
	GlobalSection(SolutionConfigurationPlatforms) = preSolution
		Debug|Any CPU = Debug|Any CPU
		Release|Any CPU = Release|Any CPU
	EndGlobalSection
	GlobalSection(ProjectConfigurationPlatforms) = postSolution
		{E475EC8D-32AE-423E-B90C-E67A95080C2F}.Debug|Any CPU.ActiveCfg = Debug|Any CPU
		{E475EC8D-32AE-423E-B90C-E67A95080C2F}.Debug|Any CPU.Build.0 = Debug|Any CPU
		{E475EC8D-32AE-423E-B90C-E67A95080C2F}.Release|Any CPU.ActiveCfg = Release|Any CPU
		{E475EC8D-32AE-423E-B90C-E67A95080C2F}.Release|Any CPU.Build.0 = Release|Any CPU
		{960768C6-D77D-4194-B60A-EE7FFD2F555B}.Debug|Any CPU.ActiveCfg = Debug|Any CPU
		{960768C6-D77D-4194-B60A-EE7FFD2F555B}.Debug|Any CPU.Build.0 = Debug|Any CPU
		{960768C6-D77D-4194-B60A-EE7FFD2F555B}.Release|Any CPU.ActiveCfg = Release|Any CPU
		{960768C6-D77D-4194-B60A-EE7FFD2F555B}.Release|Any CPU.Build.0 = Release|Any CPU
	EndGlobalSection
	GlobalSection(SolutionProperties) = preSolution
		HideSolutionNode = FALSE
	EndGlobalSection
	GlobalSection(ExtensibilityGlobals) = postSolution
		SolutionGuid = {0BB61C5F-50DC-4E58-B605-BBB6AAB6553B}
	EndGlobalSection
EndGlobal
