
Microsoft Visual Studio Solution File, Format Version 12.00
# Visual Studio Version 17
VisualStudioVersion = 17.1.32328.378
MinimumVisualStudioVersion = 10.0.40219.1
Project("{9A19103F-16F7-4668-BE54-9A1E7A4F7556}") = "TelegramBotClient", "TelegramBotClient\TelegramBotClient.csproj", "{21DB6E8C-02F8-47A3-BB94-C89B08243A5A}"
EndProject
Project("{9A19103F-16F7-4668-BE54-9A1E7A4F7556}") = "TelegramBotServer", "TelegramBotServer\TelegramBotServer.csproj", "{45159E5F-68EF-4C3C-AD53-11E412905F62}"
EndProject
Global
	GlobalSection(SolutionConfigurationPlatforms) = preSolution
		Debug|Any CPU = Debug|Any CPU
		Release|Any CPU = Release|Any CPU
	EndGlobalSection
	GlobalSection(ProjectConfigurationPlatforms) = postSolution
		{21DB6E8C-02F8-47A3-BB94-C89B08243A5A}.Debug|Any CPU.ActiveCfg = Debug|Any CPU
		{21DB6E8C-02F8-47A3-BB94-C89B08243A5A}.Debug|Any CPU.Build.0 = Debug|Any CPU
		{21DB6E8C-02F8-47A3-BB94-C89B08243A5A}.Release|Any CPU.ActiveCfg = Release|Any CPU
		{21DB6E8C-02F8-47A3-BB94-C89B08243A5A}.Release|Any CPU.Build.0 = Release|Any CPU
		{45159E5F-68EF-4C3C-AD53-11E412905F62}.Debug|Any CPU.ActiveCfg = Debug|Any CPU
		{45159E5F-68EF-4C3C-AD53-11E412905F62}.Debug|Any CPU.Build.0 = Debug|Any CPU
		{45159E5F-68EF-4C3C-AD53-11E412905F62}.Release|Any CPU.ActiveCfg = Release|Any CPU
		{45159E5F-68EF-4C3C-AD53-11E412905F62}.Release|Any CPU.Build.0 = Release|Any CPU
	EndGlobalSection
	GlobalSection(SolutionProperties) = preSolution
		HideSolutionNode = FALSE
	EndGlobalSection
	GlobalSection(ExtensibilityGlobals) = postSolution
		SolutionGuid = {2FCB8E7A-B9A2-4F86-9EBB-66AD8B3FD09D}
	EndGlobalSection
EndGlobal
