
Microsoft Visual Studio Solution File, Format Version 12.00
# Visual Studio Version 17
VisualStudioVersion = 17.1.32328.378
MinimumVisualStudioVersion = 10.0.40219.1
Project("{9A19103F-16F7-4668-BE54-9A1E7A4F7556}") = "TelegramBotClient", "TelegramBotClient\TelegramBotClient.csproj", "{CF241DB4-FFD8-4E43-A50C-1C8EE101CAE5}"
EndProject
Project("{FAE04EC0-301F-11D3-BF4B-00C04F79EFBC}") = "TelegramBotServer", "TelegramBotServer\TelegramBotServer.csproj", "{AD7659E9-A651-473F-9A3B-34A1C8F764D6}"
EndProject
Global
	GlobalSection(SolutionConfigurationPlatforms) = preSolution
		Debug|Any CPU = Debug|Any CPU
		Release|Any CPU = Release|Any CPU
	EndGlobalSection
	GlobalSection(ProjectConfigurationPlatforms) = postSolution
		{CF241DB4-FFD8-4E43-A50C-1C8EE101CAE5}.Debug|Any CPU.ActiveCfg = Debug|Any CPU
		{CF241DB4-FFD8-4E43-A50C-1C8EE101CAE5}.Debug|Any CPU.Build.0 = Debug|Any CPU
		{CF241DB4-FFD8-4E43-A50C-1C8EE101CAE5}.Release|Any CPU.ActiveCfg = Release|Any CPU
		{CF241DB4-FFD8-4E43-A50C-1C8EE101CAE5}.Release|Any CPU.Build.0 = Release|Any CPU
		{AD7659E9-A651-473F-9A3B-34A1C8F764D6}.Debug|Any CPU.ActiveCfg = Debug|Any CPU
		{AD7659E9-A651-473F-9A3B-34A1C8F764D6}.Debug|Any CPU.Build.0 = Debug|Any CPU
		{AD7659E9-A651-473F-9A3B-34A1C8F764D6}.Release|Any CPU.ActiveCfg = Release|Any CPU
		{AD7659E9-A651-473F-9A3B-34A1C8F764D6}.Release|Any CPU.Build.0 = Release|Any CPU
	EndGlobalSection
	GlobalSection(SolutionProperties) = preSolution
		HideSolutionNode = FALSE
	EndGlobalSection
	GlobalSection(ExtensibilityGlobals) = postSolution
		SolutionGuid = {3F332301-4E4E-4A0A-87AF-F4AAF705D3D9}
	EndGlobalSection
EndGlobal
