
Microsoft Visual Studio Solution File, Format Version 12.00
# Visual Studio Version 17
VisualStudioVersion = 17.0.32126.317
MinimumVisualStudioVersion = 10.0.40219.1
Project("{9A19103F-16F7-4668-BE54-9A1E7A4F7556}") = "PPTask", "PPTaskList\PPTask.csproj", "{9B9FEEA2-2925-49B7-90D7-0ED0D8D2CB17}"
EndProject
Project("{9A19103F-16F7-4668-BE54-9A1E7A4F7556}") = "ServerTest", "TaskServerTests\ServerTest.csproj", "{1451B6B2-439C-4C18-9AEC-D64C954251B7}"
EndProject
Project("{FAE04EC0-301F-11D3-BF4B-00C04F79EFBC}") = "TaskClient", "TaskClient\TaskClient.csproj", "{DAB8441A-5110-40C1-89FC-B80336EBE256}"
EndProject
Global
	GlobalSection(SolutionConfigurationPlatforms) = preSolution
		Debug|Any CPU = Debug|Any CPU
		Release|Any CPU = Release|Any CPU
	EndGlobalSection
	GlobalSection(ProjectConfigurationPlatforms) = postSolution
		{9B9FEEA2-2925-49B7-90D7-0ED0D8D2CB17}.Debug|Any CPU.ActiveCfg = Debug|Any CPU
		{9B9FEEA2-2925-49B7-90D7-0ED0D8D2CB17}.Debug|Any CPU.Build.0 = Debug|Any CPU
		{9B9FEEA2-2925-49B7-90D7-0ED0D8D2CB17}.Release|Any CPU.ActiveCfg = Release|Any CPU
		{9B9FEEA2-2925-49B7-90D7-0ED0D8D2CB17}.Release|Any CPU.Build.0 = Release|Any CPU
		{1451B6B2-439C-4C18-9AEC-D64C954251B7}.Debug|Any CPU.ActiveCfg = Debug|Any CPU
		{1451B6B2-439C-4C18-9AEC-D64C954251B7}.Debug|Any CPU.Build.0 = Debug|Any CPU
		{1451B6B2-439C-4C18-9AEC-D64C954251B7}.Release|Any CPU.ActiveCfg = Release|Any CPU
		{1451B6B2-439C-4C18-9AEC-D64C954251B7}.Release|Any CPU.Build.0 = Release|Any CPU
		{DAB8441A-5110-40C1-89FC-B80336EBE256}.Debug|Any CPU.ActiveCfg = Debug|Any CPU
		{DAB8441A-5110-40C1-89FC-B80336EBE256}.Debug|Any CPU.Build.0 = Debug|Any CPU
		{DAB8441A-5110-40C1-89FC-B80336EBE256}.Release|Any CPU.ActiveCfg = Release|Any CPU
		{DAB8441A-5110-40C1-89FC-B80336EBE256}.Release|Any CPU.Build.0 = Release|Any CPU
	EndGlobalSection
	GlobalSection(SolutionProperties) = preSolution
		HideSolutionNode = FALSE
	EndGlobalSection
	GlobalSection(ExtensibilityGlobals) = postSolution
		SolutionGuid = {8C818C70-7EF2-4BDF-9730-697D498071BC}
	EndGlobalSection
EndGlobal
