
Microsoft Visual Studio Solution File, Format Version 12.00
# Visual Studio Version 17
VisualStudioVersion = 17.1.32228.430
MinimumVisualStudioVersion = 10.0.40219.1
Project("{FAE04EC0-301F-11D3-BF4B-00C04F79EFBC}") = "TaskListKhvatskova", "TaskListKhvatskova\TaskListKhvatskova.csproj", "{7B2F9EF1-7332-42D2-93CB-39520B2E350C}"
EndProject
Project("{FAE04EC0-301F-11D3-BF4B-00C04F79EFBC}") = "TaskListKhvatskovaTests", "TaskListKhvatskovaTests\TaskListKhvatskovaTests.csproj", "{C37367D3-2083-43D9-A099-A4E516005514}"
EndProject
Global
	GlobalSection(SolutionConfigurationPlatforms) = preSolution
		Debug|Any CPU = Debug|Any CPU
		Release|Any CPU = Release|Any CPU
	EndGlobalSection
	GlobalSection(ProjectConfigurationPlatforms) = postSolution
		{7B2F9EF1-7332-42D2-93CB-39520B2E350C}.Debug|Any CPU.ActiveCfg = Debug|Any CPU
		{7B2F9EF1-7332-42D2-93CB-39520B2E350C}.Debug|Any CPU.Build.0 = Debug|Any CPU
		{7B2F9EF1-7332-42D2-93CB-39520B2E350C}.Release|Any CPU.ActiveCfg = Release|Any CPU
		{7B2F9EF1-7332-42D2-93CB-39520B2E350C}.Release|Any CPU.Build.0 = Release|Any CPU
		{C37367D3-2083-43D9-A099-A4E516005514}.Debug|Any CPU.ActiveCfg = Debug|Any CPU
		{C37367D3-2083-43D9-A099-A4E516005514}.Debug|Any CPU.Build.0 = Debug|Any CPU
		{C37367D3-2083-43D9-A099-A4E516005514}.Release|Any CPU.ActiveCfg = Release|Any CPU
		{C37367D3-2083-43D9-A099-A4E516005514}.Release|Any CPU.Build.0 = Release|Any CPU
	EndGlobalSection
	GlobalSection(SolutionProperties) = preSolution
		HideSolutionNode = FALSE
	EndGlobalSection
	GlobalSection(ExtensibilityGlobals) = postSolution
		SolutionGuid = {B25C2AA7-E028-4FBB-B4DB-F9F7C14B6A8D}
	EndGlobalSection
EndGlobal
