
Microsoft Visual Studio Solution File, Format Version 12.00
# Visual Studio Version 17
VisualStudioVersion = 17.1.32210.238
MinimumVisualStudioVersion = 10.0.40219.1
Project("{9A19103F-16F7-4668-BE54-9A1E7A4F7556}") = "TelegramBot", "TelegramBot\TelegramBot.csproj", "{38CCCD99-433C-4060-AF28-CF19E70F359C}"
EndProject
Project("{9A19103F-16F7-4668-BE54-9A1E7A4F7556}") = "TelegramBotServerTests", "TelegramBotServerTests\TelegramBotServerTests.csproj", "{4A3E39CF-60B3-470E-8418-87EC80C85125}"
EndProject
Project("{FAE04EC0-301F-11D3-BF4B-00C04F79EFBC}") = "Client", "Client\Client.csproj", "{59951D8E-6A8B-4E28-913F-6B4DA85F4428}"
EndProject
Global
	GlobalSection(SolutionConfigurationPlatforms) = preSolution
		Debug|Any CPU = Debug|Any CPU
		Release|Any CPU = Release|Any CPU
	EndGlobalSection
	GlobalSection(ProjectConfigurationPlatforms) = postSolution
		{38CCCD99-433C-4060-AF28-CF19E70F359C}.Debug|Any CPU.ActiveCfg = Debug|Any CPU
		{38CCCD99-433C-4060-AF28-CF19E70F359C}.Debug|Any CPU.Build.0 = Debug|Any CPU
		{38CCCD99-433C-4060-AF28-CF19E70F359C}.Release|Any CPU.ActiveCfg = Release|Any CPU
		{38CCCD99-433C-4060-AF28-CF19E70F359C}.Release|Any CPU.Build.0 = Release|Any CPU
		{4A3E39CF-60B3-470E-8418-87EC80C85125}.Debug|Any CPU.ActiveCfg = Debug|Any CPU
		{4A3E39CF-60B3-470E-8418-87EC80C85125}.Debug|Any CPU.Build.0 = Debug|Any CPU
		{4A3E39CF-60B3-470E-8418-87EC80C85125}.Release|Any CPU.ActiveCfg = Release|Any CPU
		{4A3E39CF-60B3-470E-8418-87EC80C85125}.Release|Any CPU.Build.0 = Release|Any CPU
		{59951D8E-6A8B-4E28-913F-6B4DA85F4428}.Debug|Any CPU.ActiveCfg = Debug|Any CPU
		{59951D8E-6A8B-4E28-913F-6B4DA85F4428}.Debug|Any CPU.Build.0 = Debug|Any CPU
		{59951D8E-6A8B-4E28-913F-6B4DA85F4428}.Release|Any CPU.ActiveCfg = Release|Any CPU
		{59951D8E-6A8B-4E28-913F-6B4DA85F4428}.Release|Any CPU.Build.0 = Release|Any CPU
	EndGlobalSection
	GlobalSection(SolutionProperties) = preSolution
		HideSolutionNode = FALSE
	EndGlobalSection
	GlobalSection(ExtensibilityGlobals) = postSolution
		SolutionGuid = {8954E725-4A60-4745-808C-FE62CB72C5CB}
	EndGlobalSection
EndGlobal
