
Microsoft Visual Studio Solution File, Format Version 12.00
# Visual Studio Version 16
VisualStudioVersion = 16.0.31911.196
MinimumVisualStudioVersion = 10.0.40219.1
Project("{9A19103F-16F7-4668-BE54-9A1E7A4F7556}") = "Lab2", "Lab2\Lab2.csproj", "{F165BE3E-ACF7-4477-8AB7-36E366722771}"
EndProject
Project("{9A19103F-16F7-4668-BE54-9A1E7A4F7556}") = "ServerTests", "ServerTests\ServerTests.csproj", "{890D7706-22AA-4251-BB1E-F229E32B4926}"
EndProject
Project("{9A19103F-16F7-4668-BE54-9A1E7A4F7556}") = "Lab2Client", "Lab2Client\Lab2Client.csproj", "{B732912B-9FAB-4A25-9B50-675FBF9CCF6E}"
EndProject
Project("{FAE04EC0-301F-11D3-BF4B-00C04F79EFBC}") = "Laba2Client", "Laba2Client\Laba2Client.csproj", "{AC124963-7F64-4AAD-A2B9-C22AE1123D86}"
EndProject
Global
	GlobalSection(SolutionConfigurationPlatforms) = preSolution
		Debug|Any CPU = Debug|Any CPU
		Release|Any CPU = Release|Any CPU
	EndGlobalSection
	GlobalSection(ProjectConfigurationPlatforms) = postSolution
		{F165BE3E-ACF7-4477-8AB7-36E366722771}.Debug|Any CPU.ActiveCfg = Debug|Any CPU
		{F165BE3E-ACF7-4477-8AB7-36E366722771}.Debug|Any CPU.Build.0 = Debug|Any CPU
		{F165BE3E-ACF7-4477-8AB7-36E366722771}.Release|Any CPU.ActiveCfg = Release|Any CPU
		{F165BE3E-ACF7-4477-8AB7-36E366722771}.Release|Any CPU.Build.0 = Release|Any CPU
		{890D7706-22AA-4251-BB1E-F229E32B4926}.Debug|Any CPU.ActiveCfg = Debug|Any CPU
		{890D7706-22AA-4251-BB1E-F229E32B4926}.Debug|Any CPU.Build.0 = Debug|Any CPU
		{890D7706-22AA-4251-BB1E-F229E32B4926}.Release|Any CPU.ActiveCfg = Release|Any CPU
		{890D7706-22AA-4251-BB1E-F229E32B4926}.Release|Any CPU.Build.0 = Release|Any CPU
		{B732912B-9FAB-4A25-9B50-675FBF9CCF6E}.Debug|Any CPU.ActiveCfg = Debug|Any CPU
		{B732912B-9FAB-4A25-9B50-675FBF9CCF6E}.Debug|Any CPU.Build.0 = Debug|Any CPU
		{B732912B-9FAB-4A25-9B50-675FBF9CCF6E}.Release|Any CPU.ActiveCfg = Release|Any CPU
		{B732912B-9FAB-4A25-9B50-675FBF9CCF6E}.Release|Any CPU.Build.0 = Release|Any CPU
		{AC124963-7F64-4AAD-A2B9-C22AE1123D86}.Debug|Any CPU.ActiveCfg = Debug|Any CPU
		{AC124963-7F64-4AAD-A2B9-C22AE1123D86}.Debug|Any CPU.Build.0 = Debug|Any CPU
		{AC124963-7F64-4AAD-A2B9-C22AE1123D86}.Release|Any CPU.ActiveCfg = Release|Any CPU
		{AC124963-7F64-4AAD-A2B9-C22AE1123D86}.Release|Any CPU.Build.0 = Release|Any CPU
	EndGlobalSection
	GlobalSection(SolutionProperties) = preSolution
		HideSolutionNode = FALSE
	EndGlobalSection
	GlobalSection(ExtensibilityGlobals) = postSolution
		SolutionGuid = {C18DE74D-8CD1-4662-9881-6094A313766F}
	EndGlobalSection
EndGlobal
